
Microsoft Visual Studio Solution File, Format Version 12.00
# Visual Studio Version 17
VisualStudioVersion = 17.7.34031.279
MinimumVisualStudioVersion = 10.0.40219.1
Project("{FAE04EC0-301F-11D3-BF4B-00C04F79EFBC}") = "BadassUniverse_MapEditor", "MapEditor\BadassUniverse_MapEditor.csproj", "{493BF3F7-78D4-4C62-8B21-7C29D4F1B175}"
EndProject
Global
	GlobalSection(SolutionConfigurationPlatforms) = preSolution
		Debug|Any CPU = Debug|Any CPU
		Release|Any CPU = Release|Any CPU
	EndGlobalSection
	GlobalSection(ProjectConfigurationPlatforms) = postSolution
		{493BF3F7-78D4-4C62-8B21-7C29D4F1B175}.Debug|Any CPU.ActiveCfg = Debug|Any CPU
		{493BF3F7-78D4-4C62-8B21-7C29D4F1B175}.Debug|Any CPU.Build.0 = Debug|Any CPU
		{493BF3F7-78D4-4C62-8B21-7C29D4F1B175}.Release|Any CPU.ActiveCfg = Release|Any CPU
		{493BF3F7-78D4-4C62-8B21-7C29D4F1B175}.Release|Any CPU.Build.0 = Release|Any CPU
	EndGlobalSection
	GlobalSection(SolutionProperties) = preSolution
		HideSolutionNode = FALSE
	EndGlobalSection
	GlobalSection(ExtensibilityGlobals) = postSolution
		SolutionGuid = {2A48F48C-2DDF-4302-8837-E471BAAAE401}
	EndGlobalSection
EndGlobal
